// !$*UTF8*$!
{
	archiveVersion = 1;
	classes = {
	};
	objectVersion = 77;
	objects = {

/* Begin PBXBuildFile section */
		2E26AC782F2E250A00D1F408 /* MLXLLM in Frameworks */ = {isa = PBXBuildFile; productRef = 2E26AC772F2E250A00D1F408 /* MLXLLM */; };
		2E26AC7A2F2E250A00D1F408 /* MLXLMCommon in Frameworks */ = {isa = PBXBuildFile; productRef = 2E26AC792F2E250A00D1F408 /* MLXLMCommon */; };
		2E26AC7D2F2E252000D1F408 /* SQLite in Frameworks */ = {isa = PBXBuildFile; productRef = 2E26AC7C2F2E252000D1F408 /* SQLite */; };
		2EF6C3142F617BD90009CC77 /* AGENTS.md in Resources */ = {isa = PBXBuildFile; fileRef = 2EF6C3132F617BD20009CC77 /* AGENTS.md */; };
/* End PBXBuildFile section */

/* Begin PBXContainerItemProxy section */
		2E26AC5A2F2E24B700D1F408 /* PBXContainerItemProxy */ = {
			isa = PBXContainerItemProxy;
			containerPortal = 2E26AC442F2E24B600D1F408 /* Project object */;
			proxyType = 1;
			remoteGlobalIDString = 2E26AC4B2F2E24B600D1F408;
			remoteInfo = AssistantIA;
		};
		2E26AC642F2E24B700D1F408 /* PBXContainerItemProxy */ = {
			isa = PBXContainerItemProxy;
			containerPortal = 2E26AC442F2E24B600D1F408 /* Project object */;
			proxyType = 1;
			remoteGlobalIDString = 2E26AC4B2F2E24B600D1F408;
			remoteInfo = AssistantIA;
		};
/* End PBXContainerItemProxy section */

/* Begin PBXFileReference section */
		2E26AC4C2F2E24B600D1F408 /* AssistantIA.app */ = {isa = PBXFileReference; explicitFileType = wrapper.application; includeInIndex = 0; path = AssistantIA.app; sourceTree = BUILT_PRODUCTS_DIR; };
		2E26AC592F2E24B700D1F408 /* AssistantIATests.xctest */ = {isa = PBXFileReference; explicitFileType = wrapper.cfbundle; includeInIndex = 0; path = AssistantIATests.xctest; sourceTree = BUILT_PRODUCTS_DIR; };
		2E26AC632F2E24B700D1F408 /* AssistantIAUITests.xctest */ = {isa = PBXFileReference; explicitFileType = wrapper.cfbundle; includeInIndex = 0; path = AssistantIAUITests.xctest; sourceTree = BUILT_PRODUCTS_DIR; };
		2EF6C3132F617BD20009CC77 /* AGENTS.md */ = {isa = PBXFileReference; lastKnownFileType = net.daringfireball.markdown; path = AGENTS.md; sourceTree = "<group>"; };
		2EF6C3192F617C470009CC77 /* main.py */ = {isa = PBXFileReference; lastKnownFileType = text.script.python; path = main.py; sourceTree = "<group>"; };
		2EF6C31A2F617C570009CC77 /* requirements.txt */ = {isa = PBXFileReference; lastKnownFileType = text; path = requirements.txt; sourceTree = "<group>"; };
		2EF6C31B2F617C6D0009CC77 /* README.md */ = {isa = PBXFileReference; lastKnownFileType = net.daringfireball.markdown; path = README.md; sourceTree = "<group>"; };
		2EF6C31C2F61810B0009CC77 /* __init__.py */ = {isa = PBXFileReference; lastKnownFileType = text.script.python; path = __init__.py; sourceTree = "<group>"; };
		2EF6C31D2F6181280009CC77 /* .gitignore */ = {isa = PBXFileReference; lastKnownFileType = sourcecode.swift; path = .gitignore; sourceTree = "<group>"; };
		2EF6C31E2F61819B0009CC77 /* .env.example */ = {isa = PBXFileReference; lastKnownFileType = sourcecode.swift; path = .env.example; sourceTree = "<group>"; };
/* End PBXFileReference section */

/* Begin PBXFileSystemSynchronizedRootGroup section */
		2E26AC4E2F2E24B600D1F408 /* AssistantIA */ = {
			isa = PBXFileSystemSynchronizedRootGroup;
			path = AssistantIA;
			sourceTree = "<group>";
		};
		2E26AC5C2F2E24B700D1F408 /* AssistantIATests */ = {
			isa = PBXFileSystemSynchronizedRootGroup;
			path = AssistantIATests;
			sourceTree = "<group>";
		};
		2E26AC662F2E24B700D1F408 /* AssistantIAUITests */ = {
			isa = PBXFileSystemSynchronizedRootGroup;
			path = AssistantIAUITests;
			sourceTree = "<group>";
		};
/* End PBXFileSystemSynchronizedRootGroup section */

/* Begin PBXFrameworksBuildPhase section */
		2E26AC492F2E24B600D1F408 /* Frameworks */ = {
			isa = PBXFrameworksBuildPhase;
			buildActionMask = 2147483647;
			files = (
				2E26AC7D2F2E252000D1F408 /* SQLite in Frameworks */,
				2E26AC7A2F2E250A00D1F408 /* MLXLMCommon in Frameworks */,
				2E26AC782F2E250A00D1F408 /* MLXLLM in Frameworks */,
			);
			runOnlyForDeploymentPostprocessing = 0;
		};
		2E26AC562F2E24B700D1F408 /* Frameworks */ = {
			isa = PBXFrameworksBuildPhase;
			buildActionMask = 2147483647;
			files = (
			);
			runOnlyForDeploymentPostprocessing = 0;
		};
		2E26AC602F2E24B700D1F408 /* Frameworks */ = {
			isa = PBXFrameworksBuildPhase;
			buildActionMask = 2147483647;
			files = (
			);
			runOnlyForDeploymentPostprocessing = 0;
		};
/* End PBXFrameworksBuildPhase section */

/* Begin PBXGroup section */
		2E26AC432F2E24B600D1F408 = {
			isa = PBXGroup;
			children = (
				2EF6C3152F617C140009CC77 /* backend */,
				2EF6C3132F617BD20009CC77 /* AGENTS.md */,
				2E26AC4E2F2E24B600D1F408 /* AssistantIA */,
				2E26AC5C2F2E24B700D1F408 /* AssistantIATests */,
				2E26AC662F2E24B700D1F408 /* AssistantIAUITests */,
				2E26AC4D2F2E24B600D1F408 /* Products */,
			);
			sourceTree = "<group>";
		};
		2E26AC4D2F2E24B600D1F408 /* Products */ = {
			isa = PBXGroup;
			children = (
				2E26AC4C2F2E24B600D1F408 /* AssistantIA.app */,
				2E26AC592F2E24B700D1F408 /* AssistantIATests.xctest */,
				2E26AC632F2E24B700D1F408 /* AssistantIAUITests.xctest */,
			);
			name = Products;
			sourceTree = "<group>";
		};
		2EF6C3152F617C140009CC77 /* backend */ = {
			isa = PBXGroup;
			children = (
				2EF6C31E2F61819B0009CC77 /* .env.example */,
				2EF6C31D2F6181280009CC77 /* .gitignore */,
				2EF6C31B2F617C6D0009CC77 /* README.md */,
				2EF6C31A2F617C570009CC77 /* requirements.txt */,
				2EF6C3192F617C470009CC77 /* main.py */,
				2EF6C3182F617C360009CC77 /* tests */,
				2EF6C3162F617C210009CC77 /* core */,
			);
			path = backend;
			sourceTree = "<group>";
		};
		2EF6C3162F617C210009CC77 /* core */ = {
			isa = PBXGroup;
			children = (
				2EF6C31C2F61810B0009CC77 /* __init__.py */,
			);
			path = core;
			sourceTree = "<group>";
		};
		2EF6C3182F617C360009CC77 /* tests */ = {
			isa = PBXGroup;
			children = (
			);
			path = tests;
			sourceTree = "<group>";
		};
/* End PBXGroup section */

/* Begin PBXNativeTarget section */
		2E26AC4B2F2E24B600D1F408 /* AssistantIA */ = {
			isa = PBXNativeTarget;
			buildConfigurationList = 2E26AC6D2F2E24B700D1F408 /* Build configuration list for PBXNativeTarget "AssistantIA" */;
			buildPhases = (
				2E26AC482F2E24B600D1F408 /* Sources */,
				2E26AC492F2E24B600D1F408 /* Frameworks */,
				2E26AC4A2F2E24B600D1F408 /* Resources */,
			);
			buildRules = (
			);
			dependencies = (
			);
			fileSystemSynchronizedGroups = (
				2E26AC4E2F2E24B600D1F408 /* AssistantIA */,
			);
			name = AssistantIA;
			packageProductDependencies = (
				2E26AC772F2E250A00D1F408 /* MLXLLM */,
				2E26AC792F2E250A00D1F408 /* MLXLMCommon */,
				2E26AC7C2F2E252000D1F408 /* SQLite */,
			);
			productName = AssistantIA;
			productReference = 2E26AC4C2F2E24B600D1F408 /* AssistantIA.app */;
			productType = "com.apple.product-type.application";
		};
		2E26AC582F2E24B700D1F408 /* AssistantIATests */ = {
			isa = PBXNativeTarget;
			buildConfigurationList = 2E26AC702F2E24B700D1F408 /* Build configuration list for PBXNativeTarget "AssistantIATests" */;
			buildPhases = (
				2E26AC552F2E24B700D1F408 /* Sources */,
				2E26AC562F2E24B700D1F408 /* Frameworks */,
				2E26AC572F2E24B700D1F408 /* Resources */,
			);
			buildRules = (
			);
			dependencies = (
				2E26AC5B2F2E24B700D1F408 /* PBXTargetDependency */,
			);
			fileSystemSynchronizedGroups = (
				2E26AC5C2F2E24B700D1F408 /* AssistantIATests */,
			);
			name = AssistantIATests;
			packageProductDependencies = (
			);
			productName = AssistantIATests;
			productReference = 2E26AC592F2E24B700D1F408 /* AssistantIATests.xctest */;
			productType = "com.apple.product-type.bundle.unit-test";
		};
		2E26AC622F2E24B700D1F408 /* AssistantIAUITests */ = {
			isa = PBXNativeTarget;
			buildConfigurationList = 2E26AC732F2E24B700D1F408 /* Build configuration list for PBXNativeTarget "AssistantIAUITests" */;
			buildPhases = (
				2E26AC5F2F2E24B700D1F408 /* Sources */,
				2E26AC602F2E24B700D1F408 /* Frameworks */,
				2E26AC612F2E24B700D1F408 /* Resources */,
			);
			buildRules = (
			);
			dependencies = (
				2E26AC652F2E24B700D1F408 /* PBXTargetDependency */,
			);
			fileSystemSynchronizedGroups = (
				2E26AC662F2E24B700D1F408 /* AssistantIAUITests */,
			);
			name = AssistantIAUITests;
			packageProductDependencies = (
			);
			productName = AssistantIAUITests;
			productReference = 2E26AC632F2E24B700D1F408 /* AssistantIAUITests.xctest */;
			productType = "com.apple.product-type.bundle.ui-testing";
		};
/* End PBXNativeTarget section */

/* Begin PBXProject section */
		2E26AC442F2E24B600D1F408 /* Project object */ = {
			isa = PBXProject;
			attributes = {
				BuildIndependentTargetsInParallel = 1;
				LastSwiftUpdateCheck = 2610;
				LastUpgradeCheck = 2610;
				TargetAttributes = {
					2E26AC4B2F2E24B600D1F408 = {
						CreatedOnToolsVersion = 26.1.1;
					};
					2E26AC582F2E24B700D1F408 = {
						CreatedOnToolsVersion = 26.1.1;
						TestTargetID = 2E26AC4B2F2E24B600D1F408;
					};
					2E26AC622F2E24B700D1F408 = {
						CreatedOnToolsVersion = 26.1.1;
						TestTargetID = 2E26AC4B2F2E24B600D1F408;
					};
				};
			};
			buildConfigurationList = 2E26AC472F2E24B600D1F408 /* Build configuration list for PBXProject "AssistantIA" */;
			developmentRegion = en;
			hasScannedForEncodings = 0;
			knownRegions = (
				en,
				Base,
			);
			mainGroup = 2E26AC432F2E24B600D1F408;
			minimizedProjectReferenceProxies = 1;
			packageReferences = (
				2E26AC762F2E250A00D1F408 /* XCRemoteSwiftPackageReference "mlx-swift-examples" */,
				2E26AC7B2F2E252000D1F408 /* XCRemoteSwiftPackageReference "SQLite" */,
			);
			preferredProjectObjectVersion = 77;
			productRefGroup = 2E26AC4D2F2E24B600D1F408 /* Products */;
			projectDirPath = "";
			projectRoot = "";
			targets = (
				2E26AC4B2F2E24B600D1F408 /* AssistantIA */,
				2E26AC582F2E24B700D1F408 /* AssistantIATests */,
				2E26AC622F2E24B700D1F408 /* AssistantIAUITests */,
			);
		};
/* End PBXProject section */

/* Begin PBXResourcesBuildPhase section */
		2E26AC4A2F2E24B600D1F408 /* Resources */ = {
			isa = PBXResourcesBuildPhase;
			buildActionMask = 2147483647;
			files = (
				2EF6C3142F617BD90009CC77 /* AGENTS.md in Resources */,
			);
			runOnlyForDeploymentPostprocessing = 0;
		};
		2E26AC572F2E24B700D1F408 /* Resources */ = {
			isa = PBXResourcesBuildPhase;
			buildActionMask = 2147483647;
			files = (
			);
			runOnlyForDeploymentPostprocessing = 0;
		};
		2E26AC612F2E24B700D1F408 /* Resources */ = {
			isa = PBXResourcesBuildPhase;
			buildActionMask = 2147483647;
			files = (
			);
			runOnlyForDeploymentPostprocessing = 0;
		};
/* End PBXResourcesBuildPhase section */

/* Begin PBXSourcesBuildPhase section */
		2E26AC482F2E24B600D1F408 /* Sources */ = {
			isa = PBXSourcesBuildPhase;
			buildActionMask = 2147483647;
			files = (
			);
			runOnlyForDeploymentPostprocessing = 0;
		};
		2E26AC552F2E24B700D1F408 /* Sources */ = {
			isa = PBXSourcesBuildPhase;
			buildActionMask = 2147483647;
			files = (
			);
			runOnlyForDeploymentPostprocessing = 0;
		};
		2E26AC5F2F2E24B700D1F408 /* Sources */ = {
			isa = PBXSourcesBuildPhase;
			buildActionMask = 2147483647;
			files = (
			);
			runOnlyForDeploymentPostprocessing = 0;
		};
/* End PBXSourcesBuildPhase section */

/* Begin PBXTargetDependency section */
		2E26AC5B2F2E24B700D1F408 /* PBXTargetDependency */ = {
			isa = PBXTargetDependency;
			target = 2E26AC4B2F2E24B600D1F408 /* AssistantIA */;
			targetProxy = 2E26AC5A2F2E24B700D1F408 /* PBXContainerItemProxy */;
		};
		2E26AC652F2E24B700D1F408 /* PBXTargetDependency */ = {
			isa = PBXTargetDependency;
			target = 2E26AC4B2F2E24B600D1F408 /* AssistantIA */;
			targetProxy = 2E26AC642F2E24B700D1F408 /* PBXContainerItemProxy */;
		};
/* End PBXTargetDependency section */

/* Begin XCBuildConfiguration section */
		2E26AC6B2F2E24B700D1F408 /* Debug */ = {
			isa = XCBuildConfiguration;
			buildSettings = {
				ALWAYS_SEARCH_USER_PATHS = NO;
				ASSETCATALOG_COMPILER_GENERATE_SWIFT_ASSET_SYMBOL_EXTENSIONS = YES;
				CLANG_ANALYZER_NONNULL = YES;
				CLANG_ANALYZER_NUMBER_OBJECT_CONVERSION = YES_AGGRESSIVE;
				CLANG_CXX_LANGUAGE_STANDARD = "gnu++20";
				CLANG_ENABLE_MODULES = YES;
				CLANG_ENABLE_OBJC_ARC = YES;
				CLANG_ENABLE_OBJC_WEAK = YES;
				CLANG_WARN_BLOCK_CAPTURE_AUTORELEASING = YES;
				CLANG_WARN_BOOL_CONVERSION = YES;
				CLANG_WARN_COMMA = YES;
				CLANG_WARN_CONSTANT_CONVERSION = YES;
				CLANG_WARN_DEPRECATED_OBJC_IMPLEMENTATIONS = YES;
				CLANG_WARN_DIRECT_OBJC_ISA_USAGE = YES_ERROR;
				CLANG_WARN_DOCUMENTATION_COMMENTS = YES;
				CLANG_WARN_EMPTY_BODY = YES;
				CLANG_WARN_ENUM_CONVERSION = YES;
				CLANG_WARN_INFINITE_RECURSION = YES;
				CLANG_WARN_INT_CONVERSION = YES;
				CLANG_WARN_NON_LITERAL_NULL_CONVERSION = YES;
				CLANG_WARN_OBJC_IMPLICIT_RETAIN_SELF = YES;
				CLANG_WARN_OBJC_LITERAL_CONVERSION = YES;
				CLANG_WARN_OBJC_ROOT_CLASS = YES_ERROR;
				CLANG_WARN_QUOTED_INCLUDE_IN_FRAMEWORK_HEADER = YES;
				CLANG_WARN_RANGE_LOOP_ANALYSIS = YES;
				CLANG_WARN_STRICT_PROTOTYPES = YES;
				CLANG_WARN_SUSPICIOUS_MOVE = YES;
				CLANG_WARN_UNGUARDED_AVAILABILITY = YES_AGGRESSIVE;
				CLANG_WARN_UNREACHABLE_CODE = YES;
				CLANG_WARN__DUPLICATE_METHOD_MATCH = YES;
				COPY_PHASE_STRIP = NO;
				DEBUG_INFORMATION_FORMAT = dwarf;
				DEVELOPMENT_TEAM = AW83PQT3M2;
				ENABLE_STRICT_OBJC_MSGSEND = YES;
				ENABLE_TESTABILITY = YES;
				ENABLE_USER_SCRIPT_SANDBOXING = YES;
				GCC_C_LANGUAGE_STANDARD = gnu17;
				GCC_DYNAMIC_NO_PIC = NO;
				GCC_NO_COMMON_BLOCKS = YES;
				GCC_OPTIMIZATION_LEVEL = 0;
				GCC_PREPROCESSOR_DEFINITIONS = (
					"DEBUG=1",
					"$(inherited)",
				);
				GCC_WARN_64_TO_32_BIT_CONVERSION = YES;
				GCC_WARN_ABOUT_RETURN_TYPE = YES_ERROR;
				GCC_WARN_UNDECLARED_SELECTOR = YES;
				GCC_WARN_UNINITIALIZED_AUTOS = YES_AGGRESSIVE;
				GCC_WARN_UNUSED_FUNCTION = YES;
				GCC_WARN_UNUSED_VARIABLE = YES;
				LOCALIZATION_PREFERS_STRING_CATALOGS = YES;
				MACOSX_DEPLOYMENT_TARGET = 26.1;
				MTL_ENABLE_DEBUG_INFO = INCLUDE_SOURCE;
				MTL_FAST_MATH = YES;
				ONLY_ACTIVE_ARCH = YES;
				SDKROOT = macosx;
				SWIFT_ACTIVE_COMPILATION_CONDITIONS = "DEBUG $(inherited)";
				SWIFT_OPTIMIZATION_LEVEL = "-Onone";
			};
			name = Debug;
		};
		2E26AC6C2F2E24B700D1F408 /* Release */ = {
			isa = XCBuildConfiguration;
			buildSettings = {
				ALWAYS_SEARCH_USER_PATHS = NO;
				ASSETCATALOG_COMPILER_GENERATE_SWIFT_ASSET_SYMBOL_EXTENSIONS = YES;
				CLANG_ANALYZER_NONNULL = YES;
				CLANG_ANALYZER_NUMBER_OBJECT_CONVERSION = YES_AGGRESSIVE;
				CLANG_CXX_LANGUAGE_STANDARD = "gnu++20";
				CLANG_ENABLE_MODULES = YES;
				CLANG_ENABLE_OBJC_ARC = YES;
				CLANG_ENABLE_OBJC_WEAK = YES;
				CLANG_WARN_BLOCK_CAPTURE_AUTORELEASING = YES;
				CLANG_WARN_BOOL_CONVERSION = YES;
				CLANG_WARN_COMMA = YES;
				CLANG_WARN_CONSTANT_CONVERSION = YES;
				CLANG_WARN_DEPRECATED_OBJC_IMPLEMENTATIONS = YES;
				CLANG_WARN_DIRECT_OBJC_ISA_USAGE = YES_ERROR;
				CLANG_WARN_DOCUMENTATION_COMMENTS = YES;
				CLANG_WARN_EMPTY_BODY = YES;
				CLANG_WARN_ENUM_CONVERSION = YES;
				CLANG_WARN_INFINITE_RECURSION = YES;
				CLANG_WARN_INT_CONVERSION = YES;
				CLANG_WARN_NON_LITERAL_NULL_CONVERSION = YES;
				CLANG_WARN_OBJC_IMPLICIT_RETAIN_SELF = YES;
				CLANG_WARN_OBJC_LITERAL_CONVERSION = YES;
				CLANG_WARN_OBJC_ROOT_CLASS = YES_ERROR;
				CLANG_WARN_QUOTED_INCLUDE_IN_FRAMEWORK_HEADER = YES;
				CLANG_WARN_RANGE_LOOP_ANALYSIS = YES;
				CLANG_WARN_STRICT_PROTOTYPES = YES;
				CLANG_WARN_SUSPICIOUS_MOVE = YES;
				CLANG_WARN_UNGUARDED_AVAILABILITY = YES_AGGRESSIVE;
				CLANG_WARN_UNREACHABLE_CODE = YES;
				CLANG_WARN__DUPLICATE_METHOD_MATCH = YES;
				COPY_PHASE_STRIP = NO;
				DEBUG_INFORMATION_FORMAT = "dwarf-with-dsym";
				DEVELOPMENT_TEAM = AW83PQT3M2;
				ENABLE_NS_ASSERTIONS = NO;
				ENABLE_STRICT_OBJC_MSGSEND = YES;
				ENABLE_USER_SCRIPT_SANDBOXING = YES;
				GCC_C_LANGUAGE_STANDARD = gnu17;
				GCC_NO_COMMON_BLOCKS = YES;
				GCC_WARN_64_TO_32_BIT_CONVERSION = YES;
				GCC_WARN_ABOUT_RETURN_TYPE = YES_ERROR;
				GCC_WARN_UNDECLARED_SELECTOR = YES;
				GCC_WARN_UNINITIALIZED_AUTOS = YES_AGGRESSIVE;
				GCC_WARN_UNUSED_FUNCTION = YES;
				GCC_WARN_UNUSED_VARIABLE = YES;
				LOCALIZATION_PREFERS_STRING_CATALOGS = YES;
				MACOSX_DEPLOYMENT_TARGET = 26.1;
				MTL_ENABLE_DEBUG_INFO = NO;
				MTL_FAST_MATH = YES;
				SDKROOT = macosx;
				SWIFT_COMPILATION_MODE = wholemodule;
			};
			name = Release;
		};
		2E26AC6E2F2E24B700D1F408 /* Debug */ = {
			isa = XCBuildConfiguration;
			buildSettings = {
				ASSETCATALOG_COMPILER_APPICON_NAME = AppIcon;
				ASSETCATALOG_COMPILER_GLOBAL_ACCENT_COLOR_NAME = AccentColor;
				CODE_SIGN_STYLE = Automatic;
				COMBINE_HIDPI_IMAGES = YES;
				CURRENT_PROJECT_VERSION = 1;
				DEVELOPMENT_TEAM = AW83PQT3M2;
				ENABLE_APP_SANDBOX = YES;
				ENABLE_HARDENED_RUNTIME = YES;
				ENABLE_INCOMING_NETWORK_CONNECTIONS = NO;
				ENABLE_OUTGOING_NETWORK_CONNECTIONS = NO;
				ENABLE_PREVIEWS = YES;
				ENABLE_RESOURCE_ACCESS_AUDIO_INPUT = NO;
				ENABLE_RESOURCE_ACCESS_BLUETOOTH = NO;
				ENABLE_RESOURCE_ACCESS_CALENDARS = NO;
				ENABLE_RESOURCE_ACCESS_CAMERA = NO;
				ENABLE_RESOURCE_ACCESS_CONTACTS = NO;
				ENABLE_RESOURCE_ACCESS_LOCATION = NO;
				ENABLE_RESOURCE_ACCESS_PRINTING = NO;
				ENABLE_RESOURCE_ACCESS_USB = NO;
				ENABLE_USER_SELECTED_FILES = readwrite;
				GENERATE_INFOPLIST_FILE = YES;
				INFOPLIST_KEY_NSHumanReadableCopyright = "";
				LD_RUNPATH_SEARCH_PATHS = (
					"$(inherited)",
					"@executable_path/../Frameworks",
				);
				MARKETING_VERSION = 1.0;
				PRODUCT_BUNDLE_IDENTIFIER = com.jbsk.AssistantIA;
				PRODUCT_NAME = "$(TARGET_NAME)";
				REGISTER_APP_GROUPS = YES;
				STRING_CATALOG_GENERATE_SYMBOLS = YES;
				SWIFT_APPROACHABLE_CONCURRENCY = YES;
				SWIFT_DEFAULT_ACTOR_ISOLATION = MainActor;
				SWIFT_EMIT_LOC_STRINGS = YES;
				SWIFT_UPCOMING_FEATURE_MEMBER_IMPORT_VISIBILITY = YES;
				SWIFT_VERSION = 5.0;
			};
			name = Debug;
		};
		2E26AC6F2F2E24B700D1F408 /* Release */ = {
			isa = XCBuildConfiguration;
			buildSettings = {
				ASSETCATALOG_COMPILER_APPICON_NAME = AppIcon;
				ASSETCATALOG_COMPILER_GLOBAL_ACCENT_COLOR_NAME = AccentColor;
				CODE_SIGN_STYLE = Automatic;
				COMBINE_HIDPI_IMAGES = YES;
				CURRENT_PROJECT_VERSION = 1;
				DEVELOPMENT_TEAM = AW83PQT3M2;
				ENABLE_APP_SANDBOX = YES;
				ENABLE_HARDENED_RUNTIME = YES;
				ENABLE_INCOMING_NETWORK_CONNECTIONS = NO;
				ENABLE_OUTGOING_NETWORK_CONNECTIONS = NO;
				ENABLE_PREVIEWS = YES;
				ENABLE_RESOURCE_ACCESS_AUDIO_INPUT = NO;
				ENABLE_RESOURCE_ACCESS_BLUETOOTH = NO;
				ENABLE_RESOURCE_ACCESS_CALENDARS = NO;
				ENABLE_RESOURCE_ACCESS_CAMERA = NO;
				ENABLE_RESOURCE_ACCESS_CONTACTS = NO;
				ENABLE_RESOURCE_ACCESS_LOCATION = NO;
				ENABLE_RESOURCE_ACCESS_PRINTING = NO;
				ENABLE_RESOURCE_ACCESS_USB = NO;
				ENABLE_USER_SELECTED_FILES = readwrite;
				GENERATE_INFOPLIST_FILE = YES;
				INFOPLIST_KEY_NSHumanReadableCopyright = "";
				LD_RUNPATH_SEARCH_PATHS = (
					"$(inherited)",
					"@executable_path/../Frameworks",
				);
				MARKETING_VERSION = 1.0;
				PRODUCT_BUNDLE_IDENTIFIER = com.jbsk.AssistantIA;
				PRODUCT_NAME = "$(TARGET_NAME)";
				REGISTER_APP_GROUPS = YES;
				STRING_CATALOG_GENERATE_SYMBOLS = YES;
				SWIFT_APPROACHABLE_CONCURRENCY = YES;
				SWIFT_DEFAULT_ACTOR_ISOLATION = MainActor;
				SWIFT_EMIT_LOC_STRINGS = YES;
				SWIFT_UPCOMING_FEATURE_MEMBER_IMPORT_VISIBILITY = YES;
				SWIFT_VERSION = 5.0;
			};
			name = Release;
		};
		2E26AC712F2E24B700D1F408 /* Debug */ = {
			isa = XCBuildConfiguration;
			buildSettings = {
				BUNDLE_LOADER = "$(TEST_HOST)";
				CODE_SIGN_STYLE = Automatic;
				CURRENT_PROJECT_VERSION = 1;
				DEVELOPMENT_TEAM = AW83PQT3M2;
				GENERATE_INFOPLIST_FILE = YES;
				MACOSX_DEPLOYMENT_TARGET = 26.1;
				MARKETING_VERSION = 1.0;
				PRODUCT_BUNDLE_IDENTIFIER = com.jbsk.AssistantIATests;
				PRODUCT_NAME = "$(TARGET_NAME)";
				STRING_CATALOG_GENERATE_SYMBOLS = NO;
				SWIFT_APPROACHABLE_CONCURRENCY = YES;
				SWIFT_EMIT_LOC_STRINGS = NO;
				SWIFT_UPCOMING_FEATURE_MEMBER_IMPORT_VISIBILITY = YES;
				SWIFT_VERSION = 5.0;
				TEST_HOST = "$(BUILT_PRODUCTS_DIR)/AssistantIA.app/$(BUNDLE_EXECUTABLE_FOLDER_PATH)/AssistantIA";
			};
			name = Debug;
		};
		2E26AC722F2E24B700D1F408 /* Release */ = {
			isa = XCBuildConfiguration;
			buildSettings = {
				BUNDLE_LOADER = "$(TEST_HOST)";
				CODE_SIGN_STYLE = Automatic;
				CURRENT_PROJECT_VERSION = 1;
				DEVELOPMENT_TEAM = AW83PQT3M2;
				GENERATE_INFOPLIST_FILE = YES;
				MACOSX_DEPLOYMENT_TARGET = 26.1;
				MARKETING_VERSION = 1.0;
				PRODUCT_BUNDLE_IDENTIFIER = com.jbsk.AssistantIATests;
				PRODUCT_NAME = "$(TARGET_NAME)";
				STRING_CATALOG_GENERATE_SYMBOLS = NO;
				SWIFT_APPROACHABLE_CONCURRENCY = YES;
				SWIFT_EMIT_LOC_STRINGS = NO;
				SWIFT_UPCOMING_FEATURE_MEMBER_IMPORT_VISIBILITY = YES;
				SWIFT_VERSION = 5.0;
				TEST_HOST = "$(BUILT_PRODUCTS_DIR)/AssistantIA.app/$(BUNDLE_EXECUTABLE_FOLDER_PATH)/AssistantIA";
			};
			name = Release;
		};
		2E26AC742F2E24B700D1F408 /* Debug */ = {
			isa = XCBuildConfiguration;
			buildSettings = {
				CODE_SIGN_STYLE = Automatic;
				CURRENT_PROJECT_VERSION = 1;
				DEVELOPMENT_TEAM = AW83PQT3M2;
				GENERATE_INFOPLIST_FILE = YES;
				MARKETING_VERSION = 1.0;
				PRODUCT_BUNDLE_IDENTIFIER = com.jbsk.AssistantIAUITests;
				PRODUCT_NAME = "$(TARGET_NAME)";
				STRING_CATALOG_GENERATE_SYMBOLS = NO;
				SWIFT_APPROACHABLE_CONCURRENCY = YES;
				SWIFT_EMIT_LOC_STRINGS = NO;
				SWIFT_UPCOMING_FEATURE_MEMBER_IMPORT_VISIBILITY = YES;
				SWIFT_VERSION = 5.0;
				TEST_TARGET_NAME = AssistantIA;
			};
			name = Debug;
		};
		2E26AC752F2E24B700D1F408 /* Release */ = {
			isa = XCBuildConfiguration;
			buildSettings = {
				CODE_SIGN_STYLE = Automatic;
				CURRENT_PROJECT_VERSION = 1;
				DEVELOPMENT_TEAM = AW83PQT3M2;
				GENERATE_INFOPLIST_FILE = YES;
				MARKETING_VERSION = 1.0;
				PRODUCT_BUNDLE_IDENTIFIER = com.jbsk.AssistantIAUITests;
				PRODUCT_NAME = "$(TARGET_NAME)";
				STRING_CATALOG_GENERATE_SYMBOLS = NO;
				SWIFT_APPROACHABLE_CONCURRENCY = YES;
				SWIFT_EMIT_LOC_STRINGS = NO;
				SWIFT_UPCOMING_FEATURE_MEMBER_IMPORT_VISIBILITY = YES;
				SWIFT_VERSION = 5.0;
				TEST_TARGET_NAME = AssistantIA;
			};
			name = Release;
		};
/* End XCBuildConfiguration section */

/* Begin XCConfigurationList section */
		2E26AC472F2E24B600D1F408 /* Build configuration list for PBXProject "AssistantIA" */ = {
			isa = XCConfigurationList;
			buildConfigurations = (
				2E26AC6B2F2E24B700D1F408 /* Debug */,
				2E26AC6C2F2E24B700D1F408 /* Release */,
			);
			defaultConfigurationIsVisible = 0;
			defaultConfigurationName = Release;
		};
		2E26AC6D2F2E24B700D1F408 /* Build configuration list for PBXNativeTarget "AssistantIA" */ = {
			isa = XCConfigurationList;
			buildConfigurations = (
				2E26AC6E2F2E24B700D1F408 /* Debug */,
				2E26AC6F2F2E24B700D1F408 /* Release */,
			);
			defaultConfigurationIsVisible = 0;
			defaultConfigurationName = Release;
		};
		2E26AC702F2E24B700D1F408 /* Build configuration list for PBXNativeTarget "AssistantIATests" */ = {
			isa = XCConfigurationList;
			buildConfigurations = (
				2E26AC712F2E24B700D1F408 /* Debug */,
				2E26AC722F2E24B700D1F408 /* Release */,
			);
			defaultConfigurationIsVisible = 0;
			defaultConfigurationName = Release;
		};
		2E26AC732F2E24B700D1F408 /* Build configuration list for PBXNativeTarget "AssistantIAUITests" */ = {
			isa = XCConfigurationList;
			buildConfigurations = (
				2E26AC742F2E24B700D1F408 /* Debug */,
				2E26AC752F2E24B700D1F408 /* Release */,
			);
			defaultConfigurationIsVisible = 0;
			defaultConfigurationName = Release;
		};
/* End XCConfigurationList section */

/* Begin XCRemoteSwiftPackageReference section */
		2E26AC762F2E250A00D1F408 /* XCRemoteSwiftPackageReference "mlx-swift-examples" */ = {
			isa = XCRemoteSwiftPackageReference;
			repositoryURL = "https://github.com/ml-explore/mlx-swift-examples";
			requirement = {
				kind = upToNextMajorVersion;
				minimumVersion = 2.29.1;
			};
		};
		2E26AC7B2F2E252000D1F408 /* XCRemoteSwiftPackageReference "SQLite" */ = {
			isa = XCRemoteSwiftPackageReference;
			repositoryURL = "https://github.com/stephencelis/SQLite.swift";
			requirement = {
				kind = upToNextMajorVersion;
				minimumVersion = 0.15.5;
			};
		};
/* End XCRemoteSwiftPackageReference section */

/* Begin XCSwiftPackageProductDependency section */
		2E26AC772F2E250A00D1F408 /* MLXLLM */ = {
			isa = XCSwiftPackageProductDependency;
			package = 2E26AC762F2E250A00D1F408 /* XCRemoteSwiftPackageReference "mlx-swift-examples" */;
			productName = MLXLLM;
		};
		2E26AC792F2E250A00D1F408 /* MLXLMCommon */ = {
			isa = XCSwiftPackageProductDependency;
			package = 2E26AC762F2E250A00D1F408 /* XCRemoteSwiftPackageReference "mlx-swift-examples" */;
			productName = MLXLMCommon;
		};
		2E26AC7C2F2E252000D1F408 /* SQLite */ = {
			isa = XCSwiftPackageProductDependency;
			package = 2E26AC7B2F2E252000D1F408 /* XCRemoteSwiftPackageReference "SQLite" */;
			productName = SQLite;
		};
/* End XCSwiftPackageProductDependency section */
	};
	rootObject = 2E26AC442F2E24B600D1F408 /* Project object */;
}
